
Microsoft Visual Studio Solution File, Format Version 12.00
# Visual Studio Version 17
VisualStudioVersion = 17.5.002.0
MinimumVisualStudioVersion = 10.0.40219.1
Project("{9A19103F-16F7-4668-BE54-9A1E7A4F7556}") = "csharp", "csharp\csharp.csproj", "{A6ADE507-7F9C-415A-952A-1F8C0C3D457A}"
EndProject
Global
	GlobalSection(SolutionConfigurationPlatforms) = preSolution
		Debug|Any CPU = Debug|Any CPU
		Release|Any CPU = Release|Any CPU
	EndGlobalSection
	GlobalSection(ProjectConfigurationPlatforms) = postSolution
		{A6ADE507-7F9C-415A-952A-1F8C0C3D457A}.Debug|Any CPU.ActiveCfg = Debug|Any CPU
		{A6ADE507-7F9C-415A-952A-1F8C0C3D457A}.Debug|Any CPU.Build.0 = Debug|Any CPU
		{A6ADE507-7F9C-415A-952A-1F8C0C3D457A}.Release|Any CPU.ActiveCfg = Release|Any CPU
		{A6ADE507-7F9C-415A-952A-1F8C0C3D457A}.Release|Any CPU.Build.0 = Release|Any CPU
	EndGlobalSection
	GlobalSection(SolutionProperties) = preSolution
		HideSolutionNode = FALSE
	EndGlobalSection
	GlobalSection(ExtensibilityGlobals) = postSolution
		SolutionGuid = {C60B479A-24C9-4CB0-9DB1-8A4B241F086A}
	EndGlobalSection
EndGlobal
